
Microsoft Visual Studio Solution File, Format Version 12.00
# Visual Studio 15
VisualStudioVersion = 15.0.27703.2026
MinimumVisualStudioVersion = 10.0.40219.1
Project("{FAE04EC0-301F-11D3-BF4B-00C04F79EFBC}") = "WebPrime", "WebPrime\WebPrime.csproj", "{A0C7E8A2-68C7-438D-8B2B-EF71D1CB1F04}"
EndProject
Project("{FAE04EC0-301F-11D3-BF4B-00C04F79EFBC}") = "PrimeLogic", "PrimeLogic\PrimeLogic.csproj", "{20C2B394-0DB0-4BB2-96C2-BDB473844AEF}"
EndProject
Project("{FAE04EC0-301F-11D3-BF4B-00C04F79EFBC}") = "PrimeLogicTests", "PrimeLogicTests\PrimeLogicTests.csproj", "{3CD2D9BD-B5F0-4EE5-9C3A-FE7F076FCF27}"
EndProject
Global
	GlobalSection(SolutionConfigurationPlatforms) = preSolution
		Debug|Any CPU = Debug|Any CPU
		Release|Any CPU = Release|Any CPU
	EndGlobalSection
	GlobalSection(ProjectConfigurationPlatforms) = postSolution
		{A0C7E8A2-68C7-438D-8B2B-EF71D1CB1F04}.Debug|Any CPU.ActiveCfg = Debug|Any CPU
		{A0C7E8A2-68C7-438D-8B2B-EF71D1CB1F04}.Debug|Any CPU.Build.0 = Debug|Any CPU
		{A0C7E8A2-68C7-438D-8B2B-EF71D1CB1F04}.Release|Any CPU.ActiveCfg = Release|Any CPU
		{A0C7E8A2-68C7-438D-8B2B-EF71D1CB1F04}.Release|Any CPU.Build.0 = Release|Any CPU
		{20C2B394-0DB0-4BB2-96C2-BDB473844AEF}.Debug|Any CPU.ActiveCfg = Debug|Any CPU
		{20C2B394-0DB0-4BB2-96C2-BDB473844AEF}.Debug|Any CPU.Build.0 = Debug|Any CPU
		{20C2B394-0DB0-4BB2-96C2-BDB473844AEF}.Release|Any CPU.ActiveCfg = Release|Any CPU
		{20C2B394-0DB0-4BB2-96C2-BDB473844AEF}.Release|Any CPU.Build.0 = Release|Any CPU
		{3CD2D9BD-B5F0-4EE5-9C3A-FE7F076FCF27}.Debug|Any CPU.ActiveCfg = Debug|Any CPU
		{3CD2D9BD-B5F0-4EE5-9C3A-FE7F076FCF27}.Debug|Any CPU.Build.0 = Debug|Any CPU
		{3CD2D9BD-B5F0-4EE5-9C3A-FE7F076FCF27}.Release|Any CPU.ActiveCfg = Release|Any CPU
		{3CD2D9BD-B5F0-4EE5-9C3A-FE7F076FCF27}.Release|Any CPU.Build.0 = Release|Any CPU
	EndGlobalSection
	GlobalSection(SolutionProperties) = preSolution
		HideSolutionNode = FALSE
	EndGlobalSection
	GlobalSection(ExtensibilityGlobals) = postSolution
		SolutionGuid = {E43051AD-1719-4EE2-84A4-EC4B93745A8E}
	EndGlobalSection
EndGlobal
